# @generated - this file is auto-generated by `mise lock` https://mise.jdx.dev/dev-tools/mise-lock.html

[[tools."aqua:j178/prek"]]
version = "0.3.6"
backend = "aqua:j178/prek"

[tools."aqua:j178/prek"."platforms.linux-arm64"]
checksum = "sha256:0cf6d013c981a56465757dc7ff0fd3a9ceace27d7f0a792f435d1be79b790236"
url = "https://github.com/j178/prek/releases/download/v0.3.6/prek-aarch64-unknown-linux-musl.tar.gz"

[tools."aqua:j178/prek"."platforms.linux-arm64-musl"]
checksum = "sha256:0cf6d013c981a56465757dc7ff0fd3a9ceace27d7f0a792f435d1be79b790236"
url = "https://github.com/j178/prek/releases/download/v0.3.6/prek-aarch64-unknown-linux-musl.tar.gz"

[tools."aqua:j178/prek"."platforms.linux-x64"]
checksum = "sha256:942564ccc9c342d317294fec7b7a77aa24ec71136e3439b15cddb62e49f76899"
url = "https://github.com/j178/prek/releases/download/v0.3.6/prek-x86_64-unknown-linux-musl.tar.gz"

[tools."aqua:j178/prek"."platforms.linux-x64-musl"]
checksum = "sha256:942564ccc9c342d317294fec7b7a77aa24ec71136e3439b15cddb62e49f76899"
url = "https://github.com/j178/prek/releases/download/v0.3.6/prek-x86_64-unknown-linux-musl.tar.gz"

[tools."aqua:j178/prek"."platforms.macos-arm64"]
checksum = "sha256:50535d4fb3a0fd05f137bbdae6f8ffde17615949bd282817e3aa5755dd8d8d4c"
url = "https://github.com/j178/prek/releases/download/v0.3.6/prek-aarch64-apple-darwin.tar.gz"

[tools."aqua:j178/prek"."platforms.macos-x64"]
checksum = "sha256:0ef3ec3dd4429a5d9e2ebe1b65b37319b5611be3d688a86813aa3004761c4db3"
url = "https://github.com/j178/prek/releases/download/v0.3.6/prek-x86_64-apple-darwin.tar.gz"

[tools."aqua:j178/prek"."platforms.windows-x64"]
checksum = "sha256:71d02992997e3fc7a3cf1877febf385bc299cdbe397d1b7b2e57f8bc3d0a14e8"
url = "https://github.com/j178/prek/releases/download/v0.3.6/prek-x86_64-pc-windows-msvc.zip"

[[tools.direnv]]
version = "2.37.1"
backend = "aqua:direnv/direnv"

[tools.direnv."platforms.linux-arm64"]
checksum = "sha256:2a9cef8d73521d6a3ec3f2871c4b747b8c4cc038628c1b57a7efa42b393a2d82"
url = "https://github.com/direnv/direnv/releases/download/v2.37.1/direnv.linux-arm64"

[tools.direnv."platforms.linux-arm64-musl"]
checksum = "sha256:2a9cef8d73521d6a3ec3f2871c4b747b8c4cc038628c1b57a7efa42b393a2d82"
url = "https://github.com/direnv/direnv/releases/download/v2.37.1/direnv.linux-arm64"

[tools.direnv."platforms.linux-x64"]
checksum = "sha256:1f1b93dd6f38523fde26dfac96151ef9d31a374e3005cd3345fb93555ae0c9b5"
url = "https://github.com/direnv/direnv/releases/download/v2.37.1/direnv.linux-amd64"

[tools.direnv."platforms.linux-x64-musl"]
checksum = "sha256:1f1b93dd6f38523fde26dfac96151ef9d31a374e3005cd3345fb93555ae0c9b5"
url = "https://github.com/direnv/direnv/releases/download/v2.37.1/direnv.linux-amd64"

[tools.direnv."platforms.macos-arm64"]
checksum = "sha256:4f569f3a36732bfd8b8fea7bfcc6ad87a59745c109022164d0ca4832451d5369"
url = "https://github.com/direnv/direnv/releases/download/v2.37.1/direnv.darwin-arm64"

[tools.direnv."platforms.macos-x64"]
checksum = "sha256:24fb9ce48b563d7e9fbdd3a4e3e836941654a31ce3e67eba9eaafc3dcd8ae73b"
url = "https://github.com/direnv/direnv/releases/download/v2.37.1/direnv.darwin-amd64"

[tools.direnv."platforms.windows-x64"]
checksum = "sha256:d96fc8b7cf020c2d4c1dbbc2ccec5fd1cab05b51c491f02c8527a7fa6c50a1cd"
url = "https://github.com/direnv/direnv/releases/download/v2.37.1/direnv.windows-amd64"

[[tools.dprint]]
version = "0.52.0"
backend = "aqua:dprint/dprint"

[tools.dprint."platforms.linux-arm64"]
checksum = "sha256:e1434b394718b63d560ecaf36c748e91f06c49fe4b09ffc8c6b6e0e6833d0900"
url = "https://github.com/dprint/dprint/releases/download/0.52.0/dprint-aarch64-unknown-linux-musl.zip"

[tools.dprint."platforms.linux-arm64-musl"]
checksum = "sha256:e1434b394718b63d560ecaf36c748e91f06c49fe4b09ffc8c6b6e0e6833d0900"
url = "https://github.com/dprint/dprint/releases/download/0.52.0/dprint-aarch64-unknown-linux-musl.zip"

[tools.dprint."platforms.linux-x64"]
checksum = "sha256:ff86d0b9dc28183e111e7cd7d4101fdc4e1b9be0fb84bd08f3b9a41688010aa1"
url = "https://github.com/dprint/dprint/releases/download/0.52.0/dprint-x86_64-unknown-linux-musl.zip"

[tools.dprint."platforms.linux-x64-musl"]
checksum = "sha256:ff86d0b9dc28183e111e7cd7d4101fdc4e1b9be0fb84bd08f3b9a41688010aa1"
url = "https://github.com/dprint/dprint/releases/download/0.52.0/dprint-x86_64-unknown-linux-musl.zip"

[tools.dprint."platforms.macos-arm64"]
checksum = "sha256:bb3a5be1444fcfaf2f405cbf8af7da809d055705a2ca17bd2e7edff6f2959354"
url = "https://github.com/dprint/dprint/releases/download/0.52.0/dprint-aarch64-apple-darwin.zip"

[tools.dprint."platforms.macos-x64"]
checksum = "sha256:aa42a8ce7f84393c601f16bfd57e2425ccfa3b68f06d62162aa73888fd38bc75"
url = "https://github.com/dprint/dprint/releases/download/0.52.0/dprint-x86_64-apple-darwin.zip"

[tools.dprint."platforms.windows-x64"]
checksum = "sha256:bbb22a19022e104b27f28426bb984fee3733294b67b3c6bbb3a8ebed1e0c1cb2"
url = "https://github.com/dprint/dprint/releases/download/0.52.0/dprint-x86_64-pc-windows-msvc.zip"

[[tools.github-cli]]
version = "2.87.0"
backend = "aqua:cli/cli"

[tools.github-cli."platforms.linux-arm64"]
checksum = "sha256:7f7fbaf65baa1e438ae5b7134bff014c0122944dd2e83bb5db8088fe3888fe39"
url = "https://github.com/cli/cli/releases/download/v2.87.0/gh_2.87.0_linux_arm64.tar.gz"

[tools.github-cli."platforms.linux-arm64-musl"]
checksum = "sha256:7f7fbaf65baa1e438ae5b7134bff014c0122944dd2e83bb5db8088fe3888fe39"
url = "https://github.com/cli/cli/releases/download/v2.87.0/gh_2.87.0_linux_arm64.tar.gz"

[tools.github-cli."platforms.linux-x64"]
checksum = "sha256:5f461c1dc2b80483ea5617f9253d591fb427b3ecfdd69c69089e1ee6156dc234"
url = "https://github.com/cli/cli/releases/download/v2.87.0/gh_2.87.0_linux_amd64.tar.gz"

[tools.github-cli."platforms.linux-x64-musl"]
checksum = "sha256:5f461c1dc2b80483ea5617f9253d591fb427b3ecfdd69c69089e1ee6156dc234"
url = "https://github.com/cli/cli/releases/download/v2.87.0/gh_2.87.0_linux_amd64.tar.gz"

[tools.github-cli."platforms.macos-arm64"]
checksum = "sha256:b1e6e3ab764892a33a1fe464c239be393e6bbd4220804692f919c4c805b1dbbf"
url = "https://github.com/cli/cli/releases/download/v2.87.0/gh_2.87.0_macOS_arm64.zip"

[tools.github-cli."platforms.macos-x64"]
checksum = "sha256:9cb05a2bc5438762707a25bf1586e438ed3dbadf0fc782f47ca0b057bb4093a4"
url = "https://github.com/cli/cli/releases/download/v2.87.0/gh_2.87.0_macOS_amd64.zip"

[tools.github-cli."platforms.windows-x64"]
checksum = "sha256:0765688b92edca7f08a314317512deba00baa3405001ce25b69d2580f8137c36"
url = "https://github.com/cli/cli/releases/download/v2.87.0/gh_2.87.0_windows_amd64.zip"

[[tools.jq]]
version = "1.8.1"
backend = "aqua:jqlang/jq"

[tools.jq."platforms.linux-arm64"]
checksum = "sha256:6bc62f25981328edd3cfcfe6fe51b073f2d7e7710d7ef7fcdac28d4e384fc3d4"
url = "https://github.com/jqlang/jq/releases/download/jq-1.8.1/jq-linux-arm64"

[tools.jq."platforms.linux-arm64-musl"]
checksum = "sha256:6bc62f25981328edd3cfcfe6fe51b073f2d7e7710d7ef7fcdac28d4e384fc3d4"
url = "https://github.com/jqlang/jq/releases/download/jq-1.8.1/jq-linux-arm64"

[tools.jq."platforms.linux-x64"]
checksum = "sha256:020468de7539ce70ef1bceaf7cde2e8c4f2ca6c3afb84642aabc5c97d9fc2a0d"
url = "https://github.com/jqlang/jq/releases/download/jq-1.8.1/jq-linux-amd64"

[tools.jq."platforms.linux-x64-musl"]
checksum = "sha256:020468de7539ce70ef1bceaf7cde2e8c4f2ca6c3afb84642aabc5c97d9fc2a0d"
url = "https://github.com/jqlang/jq/releases/download/jq-1.8.1/jq-linux-amd64"

[tools.jq."platforms.macos-arm64"]
checksum = "sha256:a9fe3ea2f86dfc72f6728417521ec9067b343277152b114f4e98d8cb0e263603"
url = "https://github.com/jqlang/jq/releases/download/jq-1.8.1/jq-macos-arm64"

[tools.jq."platforms.macos-x64"]
checksum = "sha256:e80dbe0d2a2597e3c11c404f03337b981d74b4a8504b70586c354b7697a7c27f"
url = "https://github.com/jqlang/jq/releases/download/jq-1.8.1/jq-macos-amd64"

[tools.jq."platforms.windows-x64"]
checksum = "sha256:23cb60a1354eed6bcc8d9b9735e8c7b388cd1fdcb75726b93bc299ef22dd9334"
url = "https://github.com/jqlang/jq/releases/download/jq-1.8.1/jq-windows-amd64.exe"

[[tools.ripgrep]]
version = "15.1.0"
backend = "aqua:BurntSushi/ripgrep"

[tools.ripgrep."platforms.linux-arm64"]
checksum = "sha256:2b661c6ef508e902f388e9098d9c4c5aca72c87b55922d94abdba830b4dc885e"
url = "https://github.com/BurntSushi/ripgrep/releases/download/15.1.0/ripgrep-15.1.0-aarch64-unknown-linux-gnu.tar.gz"

[tools.ripgrep."platforms.linux-arm64-musl"]
checksum = "sha256:2b661c6ef508e902f388e9098d9c4c5aca72c87b55922d94abdba830b4dc885e"
url = "https://github.com/BurntSushi/ripgrep/releases/download/15.1.0/ripgrep-15.1.0-aarch64-unknown-linux-gnu.tar.gz"

[tools.ripgrep."platforms.linux-x64"]
checksum = "sha256:1c9297be4a084eea7ecaedf93eb03d058d6faae29bbc57ecdaf5063921491599"
url = "https://github.com/BurntSushi/ripgrep/releases/download/15.1.0/ripgrep-15.1.0-x86_64-unknown-linux-musl.tar.gz"

[tools.ripgrep."platforms.linux-x64-musl"]
checksum = "sha256:1c9297be4a084eea7ecaedf93eb03d058d6faae29bbc57ecdaf5063921491599"
url = "https://github.com/BurntSushi/ripgrep/releases/download/15.1.0/ripgrep-15.1.0-x86_64-unknown-linux-musl.tar.gz"

[tools.ripgrep."platforms.macos-arm64"]
checksum = "sha256:378e973289176ca0c6054054ee7f631a065874a352bf43f0fa60ef079b6ba715"
url = "https://github.com/BurntSushi/ripgrep/releases/download/15.1.0/ripgrep-15.1.0-aarch64-apple-darwin.tar.gz"

[tools.ripgrep."platforms.macos-x64"]
checksum = "sha256:64811cb24e77cac3057d6c40b63ac9becf9082eedd54ca411b475b755d334882"
url = "https://github.com/BurntSushi/ripgrep/releases/download/15.1.0/ripgrep-15.1.0-x86_64-apple-darwin.tar.gz"

[tools.ripgrep."platforms.windows-x64"]
checksum = "sha256:124510b94b6baa3380d051fdf4650eaa80a302c876d611e9dba0b2e18d87493a"
url = "https://github.com/BurntSushi/ripgrep/releases/download/15.1.0/ripgrep-15.1.0-x86_64-pc-windows-msvc.zip"

[[tools.ruff]]
version = "0.15.0"
backend = "aqua:astral-sh/ruff"

[tools.ruff."platforms.linux-arm64"]
checksum = "sha256:b9860c394ea814a9e9560e80bc798c53b8a3a5120ce961a2555fb563cee9f73b"
url = "https://github.com/astral-sh/ruff/releases/download/0.15.0/ruff-aarch64-unknown-linux-musl.tar.gz"

[tools.ruff."platforms.linux-arm64-musl"]
checksum = "sha256:b9860c394ea814a9e9560e80bc798c53b8a3a5120ce961a2555fb563cee9f73b"
url = "https://github.com/astral-sh/ruff/releases/download/0.15.0/ruff-aarch64-unknown-linux-musl.tar.gz"

[tools.ruff."platforms.linux-x64"]
checksum = "sha256:f2bd69f091517ebc49405319a6e7818b1037e250b8d539336aa0b91c44ffa4aa"
url = "https://github.com/astral-sh/ruff/releases/download/0.15.0/ruff-x86_64-unknown-linux-musl.tar.gz"

[tools.ruff."platforms.linux-x64-musl"]
checksum = "sha256:f2bd69f091517ebc49405319a6e7818b1037e250b8d539336aa0b91c44ffa4aa"
url = "https://github.com/astral-sh/ruff/releases/download/0.15.0/ruff-x86_64-unknown-linux-musl.tar.gz"

[tools.ruff."platforms.macos-arm64"]
checksum = "sha256:093d355ac33c6b8e91e80b8497d5581c61b028c0405e265cf38fd88f9a291c5c"
url = "https://github.com/astral-sh/ruff/releases/download/0.15.0/ruff-aarch64-apple-darwin.tar.gz"

[tools.ruff."platforms.macos-x64"]
checksum = "sha256:09fa6fe0d4172e1bb84cc6d937a0e1f42ff84c90b61163fff4f31c51a9c14879"
url = "https://github.com/astral-sh/ruff/releases/download/0.15.0/ruff-x86_64-apple-darwin.tar.gz"

[tools.ruff."platforms.windows-x64"]
checksum = "sha256:d1613f4231095d160ab4d3487bf56de23f29945888bcbe4521fcb0cb5e695d92"
url = "https://github.com/astral-sh/ruff/releases/download/0.15.0/ruff-x86_64-pc-windows-msvc.zip"

[[tools.ty]]
version = "0.0.1-alpha.21"
backend = "aqua:astral-sh/ty"

[tools.ty."platforms.linux-arm64"]
checksum = "sha256:3bafd060932865ed573ce1f2590cf3cb9f384db608f1c9c69d42f40023933143"
url = "https://github.com/astral-sh/ty/releases/download/0.0.1-alpha.21/ty-aarch64-unknown-linux-musl.tar.gz"

[tools.ty."platforms.linux-arm64-musl"]
checksum = "sha256:3bafd060932865ed573ce1f2590cf3cb9f384db608f1c9c69d42f40023933143"
url = "https://github.com/astral-sh/ty/releases/download/0.0.1-alpha.21/ty-aarch64-unknown-linux-musl.tar.gz"

[tools.ty."platforms.linux-x64"]
checksum = "sha256:6cd9eaec072088ee9bbe48f594db2dad0fdeeabbbff062869197f8e38bcfd6d4"
url = "https://github.com/astral-sh/ty/releases/download/0.0.1-alpha.21/ty-x86_64-unknown-linux-musl.tar.gz"

[tools.ty."platforms.linux-x64-musl"]
checksum = "sha256:6cd9eaec072088ee9bbe48f594db2dad0fdeeabbbff062869197f8e38bcfd6d4"
url = "https://github.com/astral-sh/ty/releases/download/0.0.1-alpha.21/ty-x86_64-unknown-linux-musl.tar.gz"

[tools.ty."platforms.macos-arm64"]
checksum = "sha256:1aa6ac220e9418e812cdd9b929fcfdf9fc8408e5aa1dd5145122a5b4d74709b1"
url = "https://github.com/astral-sh/ty/releases/download/0.0.1-alpha.21/ty-aarch64-apple-darwin.tar.gz"

[tools.ty."platforms.macos-x64"]
checksum = "sha256:68328ce4bf85aff5dc99975ec6350004e7119d58dbe787ef07181a824fc69304"
url = "https://github.com/astral-sh/ty/releases/download/0.0.1-alpha.21/ty-x86_64-apple-darwin.tar.gz"

[tools.ty."platforms.windows-x64"]
checksum = "sha256:1c820b823f980115b2efbbd5ec1664eccef9ecda2ca2ce2dee2516155a37bb28"
url = "https://github.com/astral-sh/ty/releases/download/0.0.1-alpha.21/ty-x86_64-pc-windows-msvc.zip"

[[tools."ubi:google/osv-scanner"]]
version = "2.2.3"
backend = "ubi:google/osv-scanner"

[[tools.uv]]
version = "0.10.11"
backend = "aqua:astral-sh/uv"

[tools.uv."platforms.linux-arm64"]
checksum = "sha256:5d80a7f6343d2676dfde1e5126582070a2bbc62df6f60d5527a169be3788532a"
url = "https://github.com/astral-sh/uv/releases/download/0.10.11/uv-aarch64-unknown-linux-musl.tar.gz"

[tools.uv."platforms.linux-arm64-musl"]
checksum = "sha256:5d80a7f6343d2676dfde1e5126582070a2bbc62df6f60d5527a169be3788532a"
url = "https://github.com/astral-sh/uv/releases/download/0.10.11/uv-aarch64-unknown-linux-musl.tar.gz"

[tools.uv."platforms.linux-x64"]
checksum = "sha256:d78246139dc6cf3ed6d03c84da762686bced7ad1de67977ee372a45b95a1f6d0"
url = "https://github.com/astral-sh/uv/releases/download/0.10.11/uv-x86_64-unknown-linux-musl.tar.gz"

[tools.uv."platforms.linux-x64-musl"]
checksum = "sha256:d78246139dc6cf3ed6d03c84da762686bced7ad1de67977ee372a45b95a1f6d0"
url = "https://github.com/astral-sh/uv/releases/download/0.10.11/uv-x86_64-unknown-linux-musl.tar.gz"

[tools.uv."platforms.macos-arm64"]
checksum = "sha256:437a7d498dd6564d5bf986074249ba1fc600e73da55ae04d7bd4c24d5f149b95"
url = "https://github.com/astral-sh/uv/releases/download/0.10.11/uv-aarch64-apple-darwin.tar.gz"

[tools.uv."platforms.macos-x64"]
checksum = "sha256:ff90020b554cf02ef8008535c9aab6ef27bb7be6b075359300dec79c361df897"
url = "https://github.com/astral-sh/uv/releases/download/0.10.11/uv-x86_64-apple-darwin.tar.gz"

[tools.uv."platforms.windows-x64"]
checksum = "sha256:9ee74df98582f37fdd6069e1caac80d2616f9a489f5dbb2b1c152f30be69c58e"
url = "https://github.com/astral-sh/uv/releases/download/0.10.11/uv-x86_64-pc-windows-msvc.zip"

[[tools.yq]]
version = "4.44.1"
backend = "aqua:mikefarah/yq"

[tools.yq."platforms.linux-arm64"]
url = "https://github.com/mikefarah/yq/releases/download/v4.44.1/yq_linux_arm64"

[tools.yq."platforms.linux-arm64-musl"]
url = "https://github.com/mikefarah/yq/releases/download/v4.44.1/yq_linux_arm64"

[tools.yq."platforms.linux-x64"]
url = "https://github.com/mikefarah/yq/releases/download/v4.44.1/yq_linux_amd64"

[tools.yq."platforms.linux-x64-musl"]
url = "https://github.com/mikefarah/yq/releases/download/v4.44.1/yq_linux_amd64"

[tools.yq."platforms.macos-arm64"]
url = "https://github.com/mikefarah/yq/releases/download/v4.44.1/yq_darwin_arm64"

[tools.yq."platforms.macos-x64"]
url = "https://github.com/mikefarah/yq/releases/download/v4.44.1/yq_darwin_amd64"

[tools.yq."platforms.windows-x64"]
url = "https://github.com/mikefarah/yq/releases/download/v4.44.1/yq_windows_amd64.exe"
